// !$*UTF8*$!
{
	archiveVersion = 1;
	classes = {
	};
	objectVersion = 55;
	objects = {

/* Begin PBXBuildFile section */
		BCF6148B28740A410064AE0A /* Helpers.swift in Sources */ = {isa = PBXBuildFile; fileRef = BCF6148A28740A410064AE0A /* Helpers.swift */; };
		BCF6148D28740A6B0064AE0A /* TestTableCell.swift in Sources */ = {isa = PBXBuildFile; fileRef = BCF6148C28740A6B0064AE0A /* TestTableCell.swift */; };
		BCF6148F28740B030064AE0A /* CollectionViewCell.swift in Sources */ = {isa = PBXBuildFile; fileRef = BCF6148E28740B030064AE0A /* CollectionViewCell.swift */; };
		BCF614912874329F0064AE0A /* CollectionView.swift in Sources */ = {isa = PBXBuildFile; fileRef = BCF614902874329F0064AE0A /* CollectionView.swift */; };
		BCF6149428756D7A0064AE0A /* CollectionViewExtension.swift in Sources */ = {isa = PBXBuildFile; fileRef = BCF6149328756D7A0064AE0A /* CollectionViewExtension.swift */; };
		BCF6149628756D9F0064AE0A /* CollectionViewDataSource.swift in Sources */ = {isa = PBXBuildFile; fileRef = BCF6149528756D9F0064AE0A /* CollectionViewDataSource.swift */; };
		BCF6149828756DC80064AE0A /* CollectionColumn.swift in Sources */ = {isa = PBXBuildFile; fileRef = BCF6149728756DC80064AE0A /* CollectionColumn.swift */; };
		EF3259C4287AE794001B0CA6 /* UICollectionLayoutExtension.swift in Sources */ = {isa = PBXBuildFile; fileRef = EF3259C3287AE794001B0CA6 /* UICollectionLayoutExtension.swift */; };
		EF3259DA287F4DD7001B0CA6 /* CGFloat.swift in Sources */ = {isa = PBXBuildFile; fileRef = EF3259D9287F4DD7001B0CA6 /* CGFloat.swift */; };
		EF3259DC287F4E83001B0CA6 /* CGSize.swift in Sources */ = {isa = PBXBuildFile; fileRef = EF3259DB287F4E83001B0CA6 /* CGSize.swift */; };
		EFD2B8AC286CCFDC0095B8D6 /* AppDelegate.swift in Sources */ = {isa = PBXBuildFile; fileRef = EFD2B8AB286CCFDC0095B8D6 /* AppDelegate.swift */; };
		EFD2B8AE286CCFDC0095B8D6 /* SceneDelegate.swift in Sources */ = {isa = PBXBuildFile; fileRef = EFD2B8AD286CCFDC0095B8D6 /* SceneDelegate.swift */; };
		EFD2B8B0286CCFDC0095B8D6 /* ViewController.swift in Sources */ = {isa = PBXBuildFile; fileRef = EFD2B8AF286CCFDC0095B8D6 /* ViewController.swift */; };
		EFD2B8B3286CCFDC0095B8D6 /* Main.storyboard in Resources */ = {isa = PBXBuildFile; fileRef = EFD2B8B1286CCFDC0095B8D6 /* Main.storyboard */; };
		EFD2B8B5286CCFDC0095B8D6 /* Assets.xcassets in Resources */ = {isa = PBXBuildFile; fileRef = EFD2B8B4286CCFDC0095B8D6 /* Assets.xcassets */; };
		EFD2B8B8286CCFDC0095B8D6 /* LaunchScreen.storyboard in Resources */ = {isa = PBXBuildFile; fileRef = EFD2B8B6286CCFDC0095B8D6 /* LaunchScreen.storyboard */; };
		EFD2B8C3286CCFDC0095B8D6 /* TestingDynamicTableViewDataSourceTests.swift in Sources */ = {isa = PBXBuildFile; fileRef = EFD2B8C2286CCFDC0095B8D6 /* TestingDynamicTableViewDataSourceTests.swift */; };
		EFD2B8CD286CCFDC0095B8D6 /* TestingDynamicTableViewDataSourceUITests.swift in Sources */ = {isa = PBXBuildFile; fileRef = EFD2B8CC286CCFDC0095B8D6 /* TestingDynamicTableViewDataSourceUITests.swift */; };
		EFD2B8CF286CCFDC0095B8D6 /* TestingDynamicTableViewDataSourceUITestsLaunchTests.swift in Sources */ = {isa = PBXBuildFile; fileRef = EFD2B8CE286CCFDC0095B8D6 /* TestingDynamicTableViewDataSourceUITestsLaunchTests.swift */; };
		EFD2B8DD286CD1920095B8D6 /* TableRow.swift in Sources */ = {isa = PBXBuildFile; fileRef = EFD2B8DC286CD1920095B8D6 /* TableRow.swift */; };
		EFD2B8DF286CD6300095B8D6 /* TableView.swift in Sources */ = {isa = PBXBuildFile; fileRef = EFD2B8DE286CD6300095B8D6 /* TableView.swift */; };
		EFD2B8E1286CDA7C0095B8D6 /* TableSection.swift in Sources */ = {isa = PBXBuildFile; fileRef = EFD2B8E0286CDA7C0095B8D6 /* TableSection.swift */; };
/* End PBXBuildFile section */

/* Begin PBXContainerItemProxy section */
		EFD2B8BF286CCFDC0095B8D6 /* PBXContainerItemProxy */ = {
			isa = PBXContainerItemProxy;
			containerPortal = EFD2B8A0286CCFDC0095B8D6 /* Project object */;
			proxyType = 1;
			remoteGlobalIDString = EFD2B8A7286CCFDC0095B8D6;
			remoteInfo = TestingDynamicTableViewDataSource;
		};
		EFD2B8C9286CCFDC0095B8D6 /* PBXContainerItemProxy */ = {
			isa = PBXContainerItemProxy;
			containerPortal = EFD2B8A0286CCFDC0095B8D6 /* Project object */;
			proxyType = 1;
			remoteGlobalIDString = EFD2B8A7286CCFDC0095B8D6;
			remoteInfo = TestingDynamicTableViewDataSource;
		};
/* End PBXContainerItemProxy section */

/* Begin PBXFileReference section */
		BCF6148A28740A410064AE0A /* Helpers.swift */ = {isa = PBXFileReference; lastKnownFileType = sourcecode.swift; path = Helpers.swift; sourceTree = "<group>"; };
		BCF6148C28740A6B0064AE0A /* TestTableCell.swift */ = {isa = PBXFileReference; lastKnownFileType = sourcecode.swift; path = TestTableCell.swift; sourceTree = "<group>"; };
		BCF6148E28740B030064AE0A /* CollectionViewCell.swift */ = {isa = PBXFileReference; lastKnownFileType = sourcecode.swift; path = CollectionViewCell.swift; sourceTree = "<group>"; };
		BCF614902874329F0064AE0A /* CollectionView.swift */ = {isa = PBXFileReference; lastKnownFileType = sourcecode.swift; path = CollectionView.swift; sourceTree = "<group>"; };
		BCF6149328756D7A0064AE0A /* CollectionViewExtension.swift */ = {isa = PBXFileReference; lastKnownFileType = sourcecode.swift; path = CollectionViewExtension.swift; sourceTree = "<group>"; };
		BCF6149528756D9F0064AE0A /* CollectionViewDataSource.swift */ = {isa = PBXFileReference; lastKnownFileType = sourcecode.swift; path = CollectionViewDataSource.swift; sourceTree = "<group>"; };
		BCF6149728756DC80064AE0A /* CollectionColumn.swift */ = {isa = PBXFileReference; lastKnownFileType = sourcecode.swift; path = CollectionColumn.swift; sourceTree = "<group>"; };
		EF3259C3287AE794001B0CA6 /* UICollectionLayoutExtension.swift */ = {isa = PBXFileReference; lastKnownFileType = sourcecode.swift; path = UICollectionLayoutExtension.swift; sourceTree = "<group>"; };
		EF3259D9287F4DD7001B0CA6 /* CGFloat.swift */ = {isa = PBXFileReference; lastKnownFileType = sourcecode.swift; path = CGFloat.swift; sourceTree = "<group>"; };
		EF3259DB287F4E83001B0CA6 /* CGSize.swift */ = {isa = PBXFileReference; lastKnownFileType = sourcecode.swift; path = CGSize.swift; sourceTree = "<group>"; };
		EFD2B8A8286CCFDC0095B8D6 /* TestingDynamicTableViewDataSource.app */ = {isa = PBXFileReference; explicitFileType = wrapper.application; includeInIndex = 0; path = TestingDynamicTableViewDataSource.app; sourceTree = BUILT_PRODUCTS_DIR; };
		EFD2B8AB286CCFDC0095B8D6 /* AppDelegate.swift */ = {isa = PBXFileReference; lastKnownFileType = sourcecode.swift; path = AppDelegate.swift; sourceTree = "<group>"; };
		EFD2B8AD286CCFDC0095B8D6 /* SceneDelegate.swift */ = {isa = PBXFileReference; lastKnownFileType = sourcecode.swift; path = SceneDelegate.swift; sourceTree = "<group>"; };
		EFD2B8AF286CCFDC0095B8D6 /* ViewController.swift */ = {isa = PBXFileReference; lastKnownFileType = sourcecode.swift; path = ViewController.swift; sourceTree = "<group>"; };
		EFD2B8B2286CCFDC0095B8D6 /* Base */ = {isa = PBXFileReference; lastKnownFileType = file.storyboard; name = Base; path = Base.lproj/Main.storyboard; sourceTree = "<group>"; };
		EFD2B8B4286CCFDC0095B8D6 /* Assets.xcassets */ = {isa = PBXFileReference; lastKnownFileType = folder.assetcatalog; path = Assets.xcassets; sourceTree = "<group>"; };
		EFD2B8B7286CCFDC0095B8D6 /* Base */ = {isa = PBXFileReference; lastKnownFileType = file.storyboard; name = Base; path = Base.lproj/LaunchScreen.storyboard; sourceTree = "<group>"; };
		EFD2B8B9286CCFDC0095B8D6 /* Info.plist */ = {isa = PBXFileReference; lastKnownFileType = text.plist.xml; path = Info.plist; sourceTree = "<group>"; };
		EFD2B8BE286CCFDC0095B8D6 /* TestingDynamicTableViewDataSourceTests.xctest */ = {isa = PBXFileReference; explicitFileType = wrapper.cfbundle; includeInIndex = 0; path = TestingDynamicTableViewDataSourceTests.xctest; sourceTree = BUILT_PRODUCTS_DIR; };
		EFD2B8C2286CCFDC0095B8D6 /* TestingDynamicTableViewDataSourceTests.swift */ = {isa = PBXFileReference; lastKnownFileType = sourcecode.swift; path = TestingDynamicTableViewDataSourceTests.swift; sourceTree = "<group>"; };
		EFD2B8C8286CCFDC0095B8D6 /* TestingDynamicTableViewDataSourceUITests.xctest */ = {isa = PBXFileReference; explicitFileType = wrapper.cfbundle; includeInIndex = 0; path = TestingDynamicTableViewDataSourceUITests.xctest; sourceTree = BUILT_PRODUCTS_DIR; };
		EFD2B8CC286CCFDC0095B8D6 /* TestingDynamicTableViewDataSourceUITests.swift */ = {isa = PBXFileReference; lastKnownFileType = sourcecode.swift; path = TestingDynamicTableViewDataSourceUITests.swift; sourceTree = "<group>"; };
		EFD2B8CE286CCFDC0095B8D6 /* TestingDynamicTableViewDataSourceUITestsLaunchTests.swift */ = {isa = PBXFileReference; lastKnownFileType = sourcecode.swift; path = TestingDynamicTableViewDataSourceUITestsLaunchTests.swift; sourceTree = "<group>"; };
		EFD2B8DC286CD1920095B8D6 /* TableRow.swift */ = {isa = PBXFileReference; lastKnownFileType = sourcecode.swift; path = TableRow.swift; sourceTree = "<group>"; };
		EFD2B8DE286CD6300095B8D6 /* TableView.swift */ = {isa = PBXFileReference; lastKnownFileType = sourcecode.swift; path = TableView.swift; sourceTree = "<group>"; };
		EFD2B8E0286CDA7C0095B8D6 /* TableSection.swift */ = {isa = PBXFileReference; lastKnownFileType = sourcecode.swift; path = TableSection.swift; sourceTree = "<group>"; };
/* End PBXFileReference section */

/* Begin PBXFrameworksBuildPhase section */
		EFD2B8A5286CCFDC0095B8D6 /* Frameworks */ = {
			isa = PBXFrameworksBuildPhase;
			buildActionMask = 2147483647;
			files = (
			);
			runOnlyForDeploymentPostprocessing = 0;
		};
		EFD2B8BB286CCFDC0095B8D6 /* Frameworks */ = {
			isa = PBXFrameworksBuildPhase;
			buildActionMask = 2147483647;
			files = (
			);
			runOnlyForDeploymentPostprocessing = 0;
		};
		EFD2B8C5286CCFDC0095B8D6 /* Frameworks */ = {
			isa = PBXFrameworksBuildPhase;
			buildActionMask = 2147483647;
			files = (
			);
			runOnlyForDeploymentPostprocessing = 0;
		};
/* End PBXFrameworksBuildPhase section */

/* Begin PBXGroup section */
		BCF6149228756D5B0064AE0A /* CollectionViewDataSource */ = {
			isa = PBXGroup;
			children = (
				BCF6149328756D7A0064AE0A /* CollectionViewExtension.swift */,
				BCF6149528756D9F0064AE0A /* CollectionViewDataSource.swift */,
				BCF6149728756DC80064AE0A /* CollectionColumn.swift */,
				EF3259C3287AE794001B0CA6 /* UICollectionLayoutExtension.swift */,
			);
			path = CollectionViewDataSource;
			sourceTree = "<group>";
		};
		EF3259D8287F4DCE001B0CA6 /* Extensions */ = {
			isa = PBXGroup;
			children = (
				EF3259D9287F4DD7001B0CA6 /* CGFloat.swift */,
				EF3259DB287F4E83001B0CA6 /* CGSize.swift */,
			);
			path = Extensions;
			sourceTree = "<group>";
		};
		EFD2B89F286CCFDC0095B8D6 = {
			isa = PBXGroup;
			children = (
				EFD2B8AA286CCFDC0095B8D6 /* TestingDynamicTableViewDataSource */,
				EFD2B8C1286CCFDC0095B8D6 /* TestingDynamicTableViewDataSourceTests */,
				EFD2B8CB286CCFDC0095B8D6 /* TestingDynamicTableViewDataSourceUITests */,
				EFD2B8A9286CCFDC0095B8D6 /* Products */,
			);
			sourceTree = "<group>";
		};
		EFD2B8A9286CCFDC0095B8D6 /* Products */ = {
			isa = PBXGroup;
			children = (
				EFD2B8A8286CCFDC0095B8D6 /* TestingDynamicTableViewDataSource.app */,
				EFD2B8BE286CCFDC0095B8D6 /* TestingDynamicTableViewDataSourceTests.xctest */,
				EFD2B8C8286CCFDC0095B8D6 /* TestingDynamicTableViewDataSourceUITests.xctest */,
			);
			name = Products;
			sourceTree = "<group>";
		};
		EFD2B8AA286CCFDC0095B8D6 /* TestingDynamicTableViewDataSource */ = {
			isa = PBXGroup;
			children = (
				EF3259D8287F4DCE001B0CA6 /* Extensions */,
				BCF6149228756D5B0064AE0A /* CollectionViewDataSource */,
				BCF6148A28740A410064AE0A /* Helpers.swift */,
				EFD2B8DB286CD1840095B8D6 /* TableViewDataSource */,
				EFD2B8AB286CCFDC0095B8D6 /* AppDelegate.swift */,
				EFD2B8AD286CCFDC0095B8D6 /* SceneDelegate.swift */,
				EFD2B8AF286CCFDC0095B8D6 /* ViewController.swift */,
				EFD2B8B1286CCFDC0095B8D6 /* Main.storyboard */,
				EFD2B8B4286CCFDC0095B8D6 /* Assets.xcassets */,
				EFD2B8B6286CCFDC0095B8D6 /* LaunchScreen.storyboard */,
				EFD2B8B9286CCFDC0095B8D6 /* Info.plist */,
				BCF6148C28740A6B0064AE0A /* TestTableCell.swift */,
				BCF6148E28740B030064AE0A /* CollectionViewCell.swift */,
			);
			path = TestingDynamicTableViewDataSource;
			sourceTree = "<group>";
		};
		EFD2B8C1286CCFDC0095B8D6 /* TestingDynamicTableViewDataSourceTests */ = {
			isa = PBXGroup;
			children = (
				EFD2B8C2286CCFDC0095B8D6 /* TestingDynamicTableViewDataSourceTests.swift */,
			);
			path = TestingDynamicTableViewDataSourceTests;
			sourceTree = "<group>";
		};
		EFD2B8CB286CCFDC0095B8D6 /* TestingDynamicTableViewDataSourceUITests */ = {
			isa = PBXGroup;
			children = (
				EFD2B8CC286CCFDC0095B8D6 /* TestingDynamicTableViewDataSourceUITests.swift */,
				EFD2B8CE286CCFDC0095B8D6 /* TestingDynamicTableViewDataSourceUITestsLaunchTests.swift */,
			);
			path = TestingDynamicTableViewDataSourceUITests;
			sourceTree = "<group>";
		};
		EFD2B8DB286CD1840095B8D6 /* TableViewDataSource */ = {
			isa = PBXGroup;
			children = (
				EFD2B8DC286CD1920095B8D6 /* TableRow.swift */,
				EFD2B8DE286CD6300095B8D6 /* TableView.swift */,
				EFD2B8E0286CDA7C0095B8D6 /* TableSection.swift */,
				BCF614902874329F0064AE0A /* CollectionView.swift */,
			);
			path = TableViewDataSource;
			sourceTree = "<group>";
		};
/* End PBXGroup section */

/* Begin PBXNativeTarget section */
		EFD2B8A7286CCFDC0095B8D6 /* TestingDynamicTableViewDataSource */ = {
			isa = PBXNativeTarget;
			buildConfigurationList = EFD2B8D2286CCFDC0095B8D6 /* Build configuration list for PBXNativeTarget "TestingDynamicTableViewDataSource" */;
			buildPhases = (
				EFD2B8A4286CCFDC0095B8D6 /* Sources */,
				EFD2B8A5286CCFDC0095B8D6 /* Frameworks */,
				EFD2B8A6286CCFDC0095B8D6 /* Resources */,
			);
			buildRules = (
			);
			dependencies = (
			);
			name = TestingDynamicTableViewDataSource;
			productName = TestingDynamicTableViewDataSource;
			productReference = EFD2B8A8286CCFDC0095B8D6 /* TestingDynamicTableViewDataSource.app */;
			productType = "com.apple.product-type.application";
		};
		EFD2B8BD286CCFDC0095B8D6 /* TestingDynamicTableViewDataSourceTests */ = {
			isa = PBXNativeTarget;
			buildConfigurationList = EFD2B8D5286CCFDC0095B8D6 /* Build configuration list for PBXNativeTarget "TestingDynamicTableViewDataSourceTests" */;
			buildPhases = (
				EFD2B8BA286CCFDC0095B8D6 /* Sources */,
				EFD2B8BB286CCFDC0095B8D6 /* Frameworks */,
				EFD2B8BC286CCFDC0095B8D6 /* Resources */,
			);
			buildRules = (
			);
			dependencies = (
				EFD2B8C0286CCFDC0095B8D6 /* PBXTargetDependency */,
			);
			name = TestingDynamicTableViewDataSourceTests;
			productName = TestingDynamicTableViewDataSourceTests;
			productReference = EFD2B8BE286CCFDC0095B8D6 /* TestingDynamicTableViewDataSourceTests.xctest */;
			productType = "com.apple.product-type.bundle.unit-test";
		};
		EFD2B8C7286CCFDC0095B8D6 /* TestingDynamicTableViewDataSourceUITests */ = {
			isa = PBXNativeTarget;
			buildConfigurationList = EFD2B8D8286CCFDC0095B8D6 /* Build configuration list for PBXNativeTarget "TestingDynamicTableViewDataSourceUITests" */;
			buildPhases = (
				EFD2B8C4286CCFDC0095B8D6 /* Sources */,
				EFD2B8C5286CCFDC0095B8D6 /* Frameworks */,
				EFD2B8C6286CCFDC0095B8D6 /* Resources */,
			);
			buildRules = (
			);
			dependencies = (
				EFD2B8CA286CCFDC0095B8D6 /* PBXTargetDependency */,
			);
			name = TestingDynamicTableViewDataSourceUITests;
			productName = TestingDynamicTableViewDataSourceUITests;
			productReference = EFD2B8C8286CCFDC0095B8D6 /* TestingDynamicTableViewDataSourceUITests.xctest */;
			productType = "com.apple.product-type.bundle.ui-testing";
		};
/* End PBXNativeTarget section */

/* Begin PBXProject section */
		EFD2B8A0286CCFDC0095B8D6 /* Project object */ = {
			isa = PBXProject;
			attributes = {
				BuildIndependentTargetsInParallel = 1;
				LastSwiftUpdateCheck = 1330;
				LastUpgradeCheck = 1330;
				TargetAttributes = {
					EFD2B8A7286CCFDC0095B8D6 = {
						CreatedOnToolsVersion = 13.3.1;
					};
					EFD2B8BD286CCFDC0095B8D6 = {
						CreatedOnToolsVersion = 13.3.1;
						TestTargetID = EFD2B8A7286CCFDC0095B8D6;
					};
					EFD2B8C7286CCFDC0095B8D6 = {
						CreatedOnToolsVersion = 13.3.1;
						TestTargetID = EFD2B8A7286CCFDC0095B8D6;
					};
				};
			};
			buildConfigurationList = EFD2B8A3286CCFDC0095B8D6 /* Build configuration list for PBXProject "TestingDynamicTableViewDataSource" */;
			compatibilityVersion = "Xcode 13.0";
			developmentRegion = en;
			hasScannedForEncodings = 0;
			knownRegions = (
				en,
				Base,
			);
			mainGroup = EFD2B89F286CCFDC0095B8D6;
			productRefGroup = EFD2B8A9286CCFDC0095B8D6 /* Products */;
			projectDirPath = "";
			projectRoot = "";
			targets = (
				EFD2B8A7286CCFDC0095B8D6 /* TestingDynamicTableViewDataSource */,
				EFD2B8BD286CCFDC0095B8D6 /* TestingDynamicTableViewDataSourceTests */,
				EFD2B8C7286CCFDC0095B8D6 /* TestingDynamicTableViewDataSourceUITests */,
			);
		};
/* End PBXProject section */

/* Begin PBXResourcesBuildPhase section */
		EFD2B8A6286CCFDC0095B8D6 /* Resources */ = {
			isa = PBXResourcesBuildPhase;
			buildActionMask = 2147483647;
			files = (
				EFD2B8B8286CCFDC0095B8D6 /* LaunchScreen.storyboard in Resources */,
				EFD2B8B5286CCFDC0095B8D6 /* Assets.xcassets in Resources */,
				EFD2B8B3286CCFDC0095B8D6 /* Main.storyboard in Resources */,
			);
			runOnlyForDeploymentPostprocessing = 0;
		};
		EFD2B8BC286CCFDC0095B8D6 /* Resources */ = {
			isa = PBXResourcesBuildPhase;
			buildActionMask = 2147483647;
			files = (
			);
			runOnlyForDeploymentPostprocessing = 0;
		};
		EFD2B8C6286CCFDC0095B8D6 /* Resources */ = {
			isa = PBXResourcesBuildPhase;
			buildActionMask = 2147483647;
			files = (
			);
			runOnlyForDeploymentPostprocessing = 0;
		};
/* End PBXResourcesBuildPhase section */

/* Begin PBXSourcesBuildPhase section */
		EFD2B8A4286CCFDC0095B8D6 /* Sources */ = {
			isa = PBXSourcesBuildPhase;
			buildActionMask = 2147483647;
			files = (
				BCF614912874329F0064AE0A /* CollectionView.swift in Sources */,
				EFD2B8B0286CCFDC0095B8D6 /* ViewController.swift in Sources */,
				EF3259DA287F4DD7001B0CA6 /* CGFloat.swift in Sources */,
				BCF6148B28740A410064AE0A /* Helpers.swift in Sources */,
				BCF6148F28740B030064AE0A /* CollectionViewCell.swift in Sources */,
				BCF6149428756D7A0064AE0A /* CollectionViewExtension.swift in Sources */,
				EF3259C4287AE794001B0CA6 /* UICollectionLayoutExtension.swift in Sources */,
				EFD2B8DF286CD6300095B8D6 /* TableView.swift in Sources */,
				EFD2B8E1286CDA7C0095B8D6 /* TableSection.swift in Sources */,
				BCF6149628756D9F0064AE0A /* CollectionViewDataSource.swift in Sources */,
				BCF6149828756DC80064AE0A /* CollectionColumn.swift in Sources */,
				EFD2B8DD286CD1920095B8D6 /* TableRow.swift in Sources */,
				EF3259DC287F4E83001B0CA6 /* CGSize.swift in Sources */,
				EFD2B8AC286CCFDC0095B8D6 /* AppDelegate.swift in Sources */,
				BCF6148D28740A6B0064AE0A /* TestTableCell.swift in Sources */,
				EFD2B8AE286CCFDC0095B8D6 /* SceneDelegate.swift in Sources */,
			);
			runOnlyForDeploymentPostprocessing = 0;
		};
		EFD2B8BA286CCFDC0095B8D6 /* Sources */ = {
			isa = PBXSourcesBuildPhase;
			buildActionMask = 2147483647;
			files = (
				EFD2B8C3286CCFDC0095B8D6 /* TestingDynamicTableViewDataSourceTests.swift in Sources */,
			);
			runOnlyForDeploymentPostprocessing = 0;
		};
		EFD2B8C4286CCFDC0095B8D6 /* Sources */ = {
			isa = PBXSourcesBuildPhase;
			buildActionMask = 2147483647;
			files = (
				EFD2B8CF286CCFDC0095B8D6 /* TestingDynamicTableViewDataSourceUITestsLaunchTests.swift in Sources */,
				EFD2B8CD286CCFDC0095B8D6 /* TestingDynamicTableViewDataSourceUITests.swift in Sources */,
			);
			runOnlyForDeploymentPostprocessing = 0;
		};
/* End PBXSourcesBuildPhase section */

/* Begin PBXTargetDependency section */
		EFD2B8C0286CCFDC0095B8D6 /* PBXTargetDependency */ = {
			isa = PBXTargetDependency;
			target = EFD2B8A7286CCFDC0095B8D6 /* TestingDynamicTableViewDataSource */;
			targetProxy = EFD2B8BF286CCFDC0095B8D6 /* PBXContainerItemProxy */;
		};
		EFD2B8CA286CCFDC0095B8D6 /* PBXTargetDependency */ = {
			isa = PBXTargetDependency;
			target = EFD2B8A7286CCFDC0095B8D6 /* TestingDynamicTableViewDataSource */;
			targetProxy = EFD2B8C9286CCFDC0095B8D6 /* PBXContainerItemProxy */;
		};
/* End PBXTargetDependency section */

/* Begin PBXVariantGroup section */
		EFD2B8B1286CCFDC0095B8D6 /* Main.storyboard */ = {
			isa = PBXVariantGroup;
			children = (
				EFD2B8B2286CCFDC0095B8D6 /* Base */,
			);
			name = Main.storyboard;
			sourceTree = "<group>";
		};
		EFD2B8B6286CCFDC0095B8D6 /* LaunchScreen.storyboard */ = {
			isa = PBXVariantGroup;
			children = (
				EFD2B8B7286CCFDC0095B8D6 /* Base */,
			);
			name = LaunchScreen.storyboard;
			sourceTree = "<group>";
		};
/* End PBXVariantGroup section */

/* Begin XCBuildConfiguration section */
		EFD2B8D0286CCFDC0095B8D6 /* Debug */ = {
			isa = XCBuildConfiguration;
			buildSettings = {
				ALWAYS_SEARCH_USER_PATHS = NO;
				CLANG_ANALYZER_NONNULL = YES;
				CLANG_ANALYZER_NUMBER_OBJECT_CONVERSION = YES_AGGRESSIVE;
				CLANG_CXX_LANGUAGE_STANDARD = "gnu++17";
				CLANG_ENABLE_MODULES = YES;
				CLANG_ENABLE_OBJC_ARC = YES;
				CLANG_ENABLE_OBJC_WEAK = YES;
				CLANG_WARN_BLOCK_CAPTURE_AUTORELEASING = YES;
				CLANG_WARN_BOOL_CONVERSION = YES;
				CLANG_WARN_COMMA = YES;
				CLANG_WARN_CONSTANT_CONVERSION = YES;
				CLANG_WARN_DEPRECATED_OBJC_IMPLEMENTATIONS = YES;
				CLANG_WARN_DIRECT_OBJC_ISA_USAGE = YES_ERROR;
				CLANG_WARN_DOCUMENTATION_COMMENTS = YES;
				CLANG_WARN_EMPTY_BODY = YES;
				CLANG_WARN_ENUM_CONVERSION = YES;
				CLANG_WARN_INFINITE_RECURSION = YES;
				CLANG_WARN_INT_CONVERSION = YES;
				CLANG_WARN_NON_LITERAL_NULL_CONVERSION = YES;
				CLANG_WARN_OBJC_IMPLICIT_RETAIN_SELF = YES;
				CLANG_WARN_OBJC_LITERAL_CONVERSION = YES;
				CLANG_WARN_OBJC_ROOT_CLASS = YES_ERROR;
				CLANG_WARN_QUOTED_INCLUDE_IN_FRAMEWORK_HEADER = YES;
				CLANG_WARN_RANGE_LOOP_ANALYSIS = YES;
				CLANG_WARN_STRICT_PROTOTYPES = YES;
				CLANG_WARN_SUSPICIOUS_MOVE = YES;
				CLANG_WARN_UNGUARDED_AVAILABILITY = YES_AGGRESSIVE;
				CLANG_WARN_UNREACHABLE_CODE = YES;
				CLANG_WARN__DUPLICATE_METHOD_MATCH = YES;
				COPY_PHASE_STRIP = NO;
				DEBUG_INFORMATION_FORMAT = dwarf;
				ENABLE_STRICT_OBJC_MSGSEND = YES;
				ENABLE_TESTABILITY = YES;
				GCC_C_LANGUAGE_STANDARD = gnu11;
				GCC_DYNAMIC_NO_PIC = NO;
				GCC_NO_COMMON_BLOCKS = YES;
				GCC_OPTIMIZATION_LEVEL = 0;
				GCC_PREPROCESSOR_DEFINITIONS = (
					"DEBUG=1",
					"$(inherited)",
				);
				GCC_WARN_64_TO_32_BIT_CONVERSION = YES;
				GCC_WARN_ABOUT_RETURN_TYPE = YES_ERROR;
				GCC_WARN_UNDECLARED_SELECTOR = YES;
				GCC_WARN_UNINITIALIZED_AUTOS = YES_AGGRESSIVE;
				GCC_WARN_UNUSED_FUNCTION = YES;
				GCC_WARN_UNUSED_VARIABLE = YES;
				IPHONEOS_DEPLOYMENT_TARGET = 15.4;
				MTL_ENABLE_DEBUG_INFO = INCLUDE_SOURCE;
				MTL_FAST_MATH = YES;
				ONLY_ACTIVE_ARCH = YES;
				SDKROOT = iphoneos;
				SWIFT_ACTIVE_COMPILATION_CONDITIONS = DEBUG;
				SWIFT_OPTIMIZATION_LEVEL = "-Onone";
			};
			name = Debug;
		};
		EFD2B8D1286CCFDC0095B8D6 /* Release */ = {
			isa = XCBuildConfiguration;
			buildSettings = {
				ALWAYS_SEARCH_USER_PATHS = NO;
				CLANG_ANALYZER_NONNULL = YES;
				CLANG_ANALYZER_NUMBER_OBJECT_CONVERSION = YES_AGGRESSIVE;
				CLANG_CXX_LANGUAGE_STANDARD = "gnu++17";
				CLANG_ENABLE_MODULES = YES;
				CLANG_ENABLE_OBJC_ARC = YES;
				CLANG_ENABLE_OBJC_WEAK = YES;
				CLANG_WARN_BLOCK_CAPTURE_AUTORELEASING = YES;
				CLANG_WARN_BOOL_CONVERSION = YES;
				CLANG_WARN_COMMA = YES;
				CLANG_WARN_CONSTANT_CONVERSION = YES;
				CLANG_WARN_DEPRECATED_OBJC_IMPLEMENTATIONS = YES;
				CLANG_WARN_DIRECT_OBJC_ISA_USAGE = YES_ERROR;
				CLANG_WARN_DOCUMENTATION_COMMENTS = YES;
				CLANG_WARN_EMPTY_BODY = YES;
				CLANG_WARN_ENUM_CONVERSION = YES;
				CLANG_WARN_INFINITE_RECURSION = YES;
				CLANG_WARN_INT_CONVERSION = YES;
				CLANG_WARN_NON_LITERAL_NULL_CONVERSION = YES;
				CLANG_WARN_OBJC_IMPLICIT_RETAIN_SELF = YES;
				CLANG_WARN_OBJC_LITERAL_CONVERSION = YES;
				CLANG_WARN_OBJC_ROOT_CLASS = YES_ERROR;
				CLANG_WARN_QUOTED_INCLUDE_IN_FRAMEWORK_HEADER = YES;
				CLANG_WARN_RANGE_LOOP_ANALYSIS = YES;
				CLANG_WARN_STRICT_PROTOTYPES = YES;
				CLANG_WARN_SUSPICIOUS_MOVE = YES;
				CLANG_WARN_UNGUARDED_AVAILABILITY = YES_AGGRESSIVE;
				CLANG_WARN_UNREACHABLE_CODE = YES;
				CLANG_WARN__DUPLICATE_METHOD_MATCH = YES;
				COPY_PHASE_STRIP = NO;
				DEBUG_INFORMATION_FORMAT = "dwarf-with-dsym";
				ENABLE_NS_ASSERTIONS = NO;
				ENABLE_STRICT_OBJC_MSGSEND = YES;
				GCC_C_LANGUAGE_STANDARD = gnu11;
				GCC_NO_COMMON_BLOCKS = YES;
				GCC_WARN_64_TO_32_BIT_CONVERSION = YES;
				GCC_WARN_ABOUT_RETURN_TYPE = YES_ERROR;
				GCC_WARN_UNDECLARED_SELECTOR = YES;
				GCC_WARN_UNINITIALIZED_AUTOS = YES_AGGRESSIVE;
				GCC_WARN_UNUSED_FUNCTION = YES;
				GCC_WARN_UNUSED_VARIABLE = YES;
				IPHONEOS_DEPLOYMENT_TARGET = 15.4;
				MTL_ENABLE_DEBUG_INFO = NO;
				MTL_FAST_MATH = YES;
				SDKROOT = iphoneos;
				SWIFT_COMPILATION_MODE = wholemodule;
				SWIFT_OPTIMIZATION_LEVEL = "-O";
				VALIDATE_PRODUCT = YES;
			};
			name = Release;
		};
		EFD2B8D3286CCFDC0095B8D6 /* Debug */ = {
			isa = XCBuildConfiguration;
			buildSettings = {
				ASSETCATALOG_COMPILER_APPICON_NAME = AppIcon;
				ASSETCATALOG_COMPILER_GLOBAL_ACCENT_COLOR_NAME = AccentColor;
				CODE_SIGN_STYLE = Automatic;
				CURRENT_PROJECT_VERSION = 1;
				DEVELOPMENT_TEAM = 8T963ZW2EJ;
				GENERATE_INFOPLIST_FILE = YES;
				INFOPLIST_FILE = TestingDynamicTableViewDataSource/Info.plist;
				INFOPLIST_KEY_UIApplicationSupportsIndirectInputEvents = YES;
				INFOPLIST_KEY_UILaunchStoryboardName = LaunchScreen;
				INFOPLIST_KEY_UIMainStoryboardFile = Main;
				INFOPLIST_KEY_UISupportedInterfaceOrientations_iPad = "UIInterfaceOrientationPortrait UIInterfaceOrientationPortraitUpsideDown UIInterfaceOrientationLandscapeLeft UIInterfaceOrientationLandscapeRight";
				INFOPLIST_KEY_UISupportedInterfaceOrientations_iPhone = "UIInterfaceOrientationPortrait UIInterfaceOrientationLandscapeLeft UIInterfaceOrientationLandscapeRight";
				LD_RUNPATH_SEARCH_PATHS = (
					"$(inherited)",
					"@executable_path/Frameworks",
				);
				MARKETING_VERSION = 1.0;
				PRODUCT_BUNDLE_IDENTIFIER = com.Krish.TestingDynamicTableViewDataSource;
				PRODUCT_NAME = "$(TARGET_NAME)";
				SWIFT_EMIT_LOC_STRINGS = YES;
				SWIFT_VERSION = 5.0;
				TARGETED_DEVICE_FAMILY = "1,2";
			};
			name = Debug;
		};
		EFD2B8D4286CCFDC0095B8D6 /* Release */ = {
			isa = XCBuildConfiguration;
			buildSettings = {
				ASSETCATALOG_COMPILER_APPICON_NAME = AppIcon;
				ASSETCATALOG_COMPILER_GLOBAL_ACCENT_COLOR_NAME = AccentColor;
				CODE_SIGN_STYLE = Automatic;
				CURRENT_PROJECT_VERSION = 1;
				DEVELOPMENT_TEAM = 8T963ZW2EJ;
				GENERATE_INFOPLIST_FILE = YES;
				INFOPLIST_FILE = TestingDynamicTableViewDataSource/Info.plist;
				INFOPLIST_KEY_UIApplicationSupportsIndirectInputEvents = YES;
				INFOPLIST_KEY_UILaunchStoryboardName = LaunchScreen;
				INFOPLIST_KEY_UIMainStoryboardFile = Main;
				INFOPLIST_KEY_UISupportedInterfaceOrientations_iPad = "UIInterfaceOrientationPortrait UIInterfaceOrientationPortraitUpsideDown UIInterfaceOrientationLandscapeLeft UIInterfaceOrientationLandscapeRight";
				INFOPLIST_KEY_UISupportedInterfaceOrientations_iPhone = "UIInterfaceOrientationPortrait UIInterfaceOrientationLandscapeLeft UIInterfaceOrientationLandscapeRight";
				LD_RUNPATH_SEARCH_PATHS = (
					"$(inherited)",
					"@executable_path/Frameworks",
				);
				MARKETING_VERSION = 1.0;
				PRODUCT_BUNDLE_IDENTIFIER = com.Krish.TestingDynamicTableViewDataSource;
				PRODUCT_NAME = "$(TARGET_NAME)";
				SWIFT_EMIT_LOC_STRINGS = YES;
				SWIFT_VERSION = 5.0;
				TARGETED_DEVICE_FAMILY = "1,2";
			};
			name = Release;
		};
		EFD2B8D6286CCFDC0095B8D6 /* Debug */ = {
			isa = XCBuildConfiguration;
			buildSettings = {
				ALWAYS_EMBED_SWIFT_STANDARD_LIBRARIES = YES;
				BUNDLE_LOADER = "$(TEST_HOST)";
				CODE_SIGN_STYLE = Automatic;
				CURRENT_PROJECT_VERSION = 1;
				DEVELOPMENT_TEAM = 8T963ZW2EJ;
				GENERATE_INFOPLIST_FILE = YES;
				IPHONEOS_DEPLOYMENT_TARGET = 15.4;
				MARKETING_VERSION = 1.0;
				PRODUCT_BUNDLE_IDENTIFIER = com.Krish.TestingDynamicTableViewDataSourceTests;
				PRODUCT_NAME = "$(TARGET_NAME)";
				SWIFT_EMIT_LOC_STRINGS = NO;
				SWIFT_VERSION = 5.0;
				TARGETED_DEVICE_FAMILY = "1,2";
				TEST_HOST = "$(BUILT_PRODUCTS_DIR)/TestingDynamicTableViewDataSource.app/TestingDynamicTableViewDataSource";
			};
			name = Debug;
		};
		EFD2B8D7286CCFDC0095B8D6 /* Release */ = {
			isa = XCBuildConfiguration;
			buildSettings = {
				ALWAYS_EMBED_SWIFT_STANDARD_LIBRARIES = YES;
				BUNDLE_LOADER = "$(TEST_HOST)";
				CODE_SIGN_STYLE = Automatic;
				CURRENT_PROJECT_VERSION = 1;
				DEVELOPMENT_TEAM = 8T963ZW2EJ;
				GENERATE_INFOPLIST_FILE = YES;
				IPHONEOS_DEPLOYMENT_TARGET = 15.4;
				MARKETING_VERSION = 1.0;
				PRODUCT_BUNDLE_IDENTIFIER = com.Krish.TestingDynamicTableViewDataSourceTests;
				PRODUCT_NAME = "$(TARGET_NAME)";
				SWIFT_EMIT_LOC_STRINGS = NO;
				SWIFT_VERSION = 5.0;
				TARGETED_DEVICE_FAMILY = "1,2";
				TEST_HOST = "$(BUILT_PRODUCTS_DIR)/TestingDynamicTableViewDataSource.app/TestingDynamicTableViewDataSource";
			};
			name = Release;
		};
		EFD2B8D9286CCFDC0095B8D6 /* Debug */ = {
			isa = XCBuildConfiguration;
			buildSettings = {
				ALWAYS_EMBED_SWIFT_STANDARD_LIBRARIES = YES;
				CODE_SIGN_STYLE = Automatic;
				CURRENT_PROJECT_VERSION = 1;
				DEVELOPMENT_TEAM = 8T963ZW2EJ;
				GENERATE_INFOPLIST_FILE = YES;
				MARKETING_VERSION = 1.0;
				PRODUCT_BUNDLE_IDENTIFIER = com.Krish.TestingDynamicTableViewDataSourceUITests;
				PRODUCT_NAME = "$(TARGET_NAME)";
				SWIFT_EMIT_LOC_STRINGS = NO;
				SWIFT_VERSION = 5.0;
				TARGETED_DEVICE_FAMILY = "1,2";
				TEST_TARGET_NAME = TestingDynamicTableViewDataSource;
			};
			name = Debug;
		};
		EFD2B8DA286CCFDC0095B8D6 /* Release */ = {
			isa = XCBuildConfiguration;
			buildSettings = {
				ALWAYS_EMBED_SWIFT_STANDARD_LIBRARIES = YES;
				CODE_SIGN_STYLE = Automatic;
				CURRENT_PROJECT_VERSION = 1;
				DEVELOPMENT_TEAM = 8T963ZW2EJ;
				GENERATE_INFOPLIST_FILE = YES;
				MARKETING_VERSION = 1.0;
				PRODUCT_BUNDLE_IDENTIFIER = com.Krish.TestingDynamicTableViewDataSourceUITests;
				PRODUCT_NAME = "$(TARGET_NAME)";
				SWIFT_EMIT_LOC_STRINGS = NO;
				SWIFT_VERSION = 5.0;
				TARGETED_DEVICE_FAMILY = "1,2";
				TEST_TARGET_NAME = TestingDynamicTableViewDataSource;
			};
			name = Release;
		};
/* End XCBuildConfiguration section */

/* Begin XCConfigurationList section */
		EFD2B8A3286CCFDC0095B8D6 /* Build configuration list for PBXProject "TestingDynamicTableViewDataSource" */ = {
			isa = XCConfigurationList;
			buildConfigurations = (
				EFD2B8D0286CCFDC0095B8D6 /* Debug */,
				EFD2B8D1286CCFDC0095B8D6 /* Release */,
			);
			defaultConfigurationIsVisible = 0;
			defaultConfigurationName = Release;
		};
		EFD2B8D2286CCFDC0095B8D6 /* Build configuration list for PBXNativeTarget "TestingDynamicTableViewDataSource" */ = {
			isa = XCConfigurationList;
			buildConfigurations = (
				EFD2B8D3286CCFDC0095B8D6 /* Debug */,
				EFD2B8D4286CCFDC0095B8D6 /* Release */,
			);
			defaultConfigurationIsVisible = 0;
			defaultConfigurationName = Release;
		};
		EFD2B8D5286CCFDC0095B8D6 /* Build configuration list for PBXNativeTarget "TestingDynamicTableViewDataSourceTests" */ = {
			isa = XCConfigurationList;
			buildConfigurations = (
				EFD2B8D6286CCFDC0095B8D6 /* Debug */,
				EFD2B8D7286CCFDC0095B8D6 /* Release */,
			);
			defaultConfigurationIsVisible = 0;
			defaultConfigurationName = Release;
		};
		EFD2B8D8286CCFDC0095B8D6 /* Build configuration list for PBXNativeTarget "TestingDynamicTableViewDataSourceUITests" */ = {
			isa = XCConfigurationList;
			buildConfigurations = (
				EFD2B8D9286CCFDC0095B8D6 /* Debug */,
				EFD2B8DA286CCFDC0095B8D6 /* Release */,
			);
			defaultConfigurationIsVisible = 0;
			defaultConfigurationName = Release;
		};
/* End XCConfigurationList section */
	};
	rootObject = EFD2B8A0286CCFDC0095B8D6 /* Project object */;
}
